
Microsoft Visual Studio Solution File, Format Version 11.00
# Visual Studio 2010
Project("{FAE04EC0-301F-11D3-BF4B-00C04F79EFBC}") = "Assembly-CSharp", "Assembly-CSharp.csproj", "{bf7d1825-c080-cdaa-7595-37be45628f2a}"
EndProject
Project("{FAE04EC0-301F-11D3-BF4B-00C04F79EFBC}") = "RoslynCSharp", "RoslynCSharp.csproj", "{2d33330c-f388-fcf0-d546-2a81fec1f192}"
EndProject
Project("{FAE04EC0-301F-11D3-BF4B-00C04F79EFBC}") = "RoslynCSharp.Examples", "RoslynCSharp.Examples.csproj", "{9cdca783-f459-e750-79a1-b75b15b1e66f}"
EndProject
Project("{FAE04EC0-301F-11D3-BF4B-00C04F79EFBC}") = "RoslynCSharp.Editor", "RoslynCSharp.Editor.csproj", "{7b47ff20-c5fc-20a9-c184-b3486aadf02f}"
EndProject
Project("{FAE04EC0-301F-11D3-BF4B-00C04F79EFBC}") = "RoslynCSharp.Compiler", "RoslynCSharp.Compiler.csproj", "{b526eaea-a46c-2688-7cb4-0cf2fdf9569c}"
EndProject
Project("{FAE04EC0-301F-11D3-BF4B-00C04F79EFBC}") = "Assembly-CSharp-Editor", "Assembly-CSharp-Editor.csproj", "{aaa8808f-d52f-72c6-177b-8127a2c22d12}"
EndProject
Global
	GlobalSection(SolutionConfigurationPlatforms) = preSolution
		Debug|Any CPU = Debug|Any CPU
	EndGlobalSection
	GlobalSection(ProjectConfigurationPlatforms) = postSolution
		{bf7d1825-c080-cdaa-7595-37be45628f2a}.Debug|Any CPU.ActiveCfg = Debug|Any CPU
		{bf7d1825-c080-cdaa-7595-37be45628f2a}.Debug|Any CPU.Build.0 = Debug|Any CPU
		{2d33330c-f388-fcf0-d546-2a81fec1f192}.Debug|Any CPU.ActiveCfg = Debug|Any CPU
		{2d33330c-f388-fcf0-d546-2a81fec1f192}.Debug|Any CPU.Build.0 = Debug|Any CPU
		{9cdca783-f459-e750-79a1-b75b15b1e66f}.Debug|Any CPU.ActiveCfg = Debug|Any CPU
		{9cdca783-f459-e750-79a1-b75b15b1e66f}.Debug|Any CPU.Build.0 = Debug|Any CPU
		{7b47ff20-c5fc-20a9-c184-b3486aadf02f}.Debug|Any CPU.ActiveCfg = Debug|Any CPU
		{7b47ff20-c5fc-20a9-c184-b3486aadf02f}.Debug|Any CPU.Build.0 = Debug|Any CPU
		{b526eaea-a46c-2688-7cb4-0cf2fdf9569c}.Debug|Any CPU.ActiveCfg = Debug|Any CPU
		{b526eaea-a46c-2688-7cb4-0cf2fdf9569c}.Debug|Any CPU.Build.0 = Debug|Any CPU
		{aaa8808f-d52f-72c6-177b-8127a2c22d12}.Debug|Any CPU.ActiveCfg = Debug|Any CPU
		{aaa8808f-d52f-72c6-177b-8127a2c22d12}.Debug|Any CPU.Build.0 = Debug|Any CPU
	EndGlobalSection
	GlobalSection(SolutionProperties) = preSolution
		HideSolutionNode = FALSE
	EndGlobalSection
EndGlobal
